
Microsoft Visual Studio Solution File, Format Version 12.00
# Visual Studio Version 17
VisualStudioVersion = 17.11.35327.3
MinimumVisualStudioVersion = 10.0.40219.1
Project("{9A19103F-16F7-4668-BE54-9A1E7A4F7556}") = "CRUDCodeFirst", "CRUDCodeFirst.csproj", "{5A46355B-1915-482B-AF77-556706B92598}"
EndProject
Global
	GlobalSection(SolutionConfigurationPlatforms) = preSolution
		Debug|Any CPU = Debug|Any CPU
		Release|Any CPU = Release|Any CPU
	EndGlobalSection
	GlobalSection(ProjectConfigurationPlatforms) = postSolution
		{5A46355B-1915-482B-AF77-556706B92598}.Debug|Any CPU.ActiveCfg = Debug|Any CPU
		{5A46355B-1915-482B-AF77-556706B92598}.Debug|Any CPU.Build.0 = Debug|Any CPU
		{5A46355B-1915-482B-AF77-556706B92598}.Release|Any CPU.ActiveCfg = Release|Any CPU
		{5A46355B-1915-482B-AF77-556706B92598}.Release|Any CPU.Build.0 = Release|Any CPU
	EndGlobalSection
	GlobalSection(SolutionProperties) = preSolution
		HideSolutionNode = FALSE
	EndGlobalSection
	GlobalSection(ExtensibilityGlobals) = postSolution
		SolutionGuid = {12E129B9-41CC-4499-84AE-6F63283D9387}
	EndGlobalSection
EndGlobal
